github.com/carlosplanchon/hugo-theme-swiss-operator v0.0.0-20260222061437-31d282ef795c h1:krg1QH4F42wqyRIkqZmPxijTF9w2JSoKBopMFqu/Ggs=
github.com/carlosplanchon/hugo-theme-swiss-operator v0.0.0-20260222061437-31d282ef795c/go.mod h1:MtMOSSpog1Q6ztKiXwGqbLpi3+kPtNuK3iBzOVnGkKA=
github.com/carlosplanchon/hugo-theme-swiss-operator v0.0.0-20260223034738-9af659f4d3b9 h1:qZpaD93gKXrAI/L8m1wNxVfYlbdBC8mb4bKkSkJ5V3Q=
github.com/carlosplanchon/hugo-theme-swiss-operator v0.0.0-20260223034738-9af659f4d3b9/go.mod h1:MtMOSSpog1Q6ztKiXwGqbLpi3+kPtNuK3iBzOVnGkKA=
